
Microsoft Visual Studio Solution File, Format Version 12.00
# Visual Studio 15
VisualStudioVersion = 15.0.28010.2016
MinimumVisualStudioVersion = 10.0.40219.1
Project("{9A19103F-16F7-4668-BE54-9A1E7A4F7556}") = "AlexaSkills", "AlexaSkills\AlexaSkills.csproj", "{DB401DF1-75FE-4BFC-8FDE-6FADE399D06F}"
EndProject
Project("{9A19103F-16F7-4668-BE54-9A1E7A4F7556}") = "AlexaSkills.Tests", "AlexaSkills.Tests\AlexaSkills.Tests.csproj", "{45B68825-3D85-4345-A7E7-020609F0C708}"
EndProject
Global
	GlobalSection(SolutionConfigurationPlatforms) = preSolution
		Debug|Any CPU = Debug|Any CPU
		Release|Any CPU = Release|Any CPU
	EndGlobalSection
	GlobalSection(ProjectConfigurationPlatforms) = postSolution
		{DB401DF1-75FE-4BFC-8FDE-6FADE399D06F}.Debug|Any CPU.ActiveCfg = Debug|Any CPU
		{DB401DF1-75FE-4BFC-8FDE-6FADE399D06F}.Debug|Any CPU.Build.0 = Debug|Any CPU
		{DB401DF1-75FE-4BFC-8FDE-6FADE399D06F}.Release|Any CPU.ActiveCfg = Release|Any CPU
		{DB401DF1-75FE-4BFC-8FDE-6FADE399D06F}.Release|Any CPU.Build.0 = Release|Any CPU
		{45B68825-3D85-4345-A7E7-020609F0C708}.Debug|Any CPU.ActiveCfg = Debug|Any CPU
		{45B68825-3D85-4345-A7E7-020609F0C708}.Debug|Any CPU.Build.0 = Debug|Any CPU
		{45B68825-3D85-4345-A7E7-020609F0C708}.Release|Any CPU.ActiveCfg = Release|Any CPU
		{45B68825-3D85-4345-A7E7-020609F0C708}.Release|Any CPU.Build.0 = Release|Any CPU
	EndGlobalSection
	GlobalSection(SolutionProperties) = preSolution
		HideSolutionNode = FALSE
	EndGlobalSection
	GlobalSection(ExtensibilityGlobals) = postSolution
		SolutionGuid = {33F042BB-FD83-4C3A-B00D-CECEA1F258FF}
	EndGlobalSection
EndGlobal
